{
  "name": "order-book",
  "version": "1.0.0",
  "lockfileVersion": 1,
  "requires": true,
  "dependencies": {
    "lin-ui": {
      "version": "0.5.8",
      "resolved": "https://registry.npm.taobao.org/lin-ui/download/lin-ui-0.5.8.tgz",
      "integrity": "sha1-+9/g/EIuDFJkRiPE6eSw3W0BgVU="
    }
  }
}
